
Microsoft Visual Studio Solution File, Format Version 12.00
# Visual Studio Version 16
VisualStudioVersion = 16.0.30204.135
MinimumVisualStudioVersion = 10.0.40219.1
Project("{8BC9CEB8-8B4A-11D0-8D11-00A0C91BC942}") = "LabProject09", "LabProject09\LabProject09.vcxproj", "{9B36FBFD-8FE6-40AF-AD41-B5C082D3BCF7}"
EndProject
Global
	GlobalSection(SolutionConfigurationPlatforms) = preSolution
		Debug|x64 = Debug|x64
		Debug|x86 = Debug|x86
		Release|x64 = Release|x64
		Release|x86 = Release|x86
	EndGlobalSection
	GlobalSection(ProjectConfigurationPlatforms) = postSolution
		{9B36FBFD-8FE6-40AF-AD41-B5C082D3BCF7}.Debug|x64.ActiveCfg = Debug|x64
		{9B36FBFD-8FE6-40AF-AD41-B5C082D3BCF7}.Debug|x64.Build.0 = Debug|x64
		{9B36FBFD-8FE6-40AF-AD41-B5C082D3BCF7}.Debug|x86.ActiveCfg = Debug|Win32
		{9B36FBFD-8FE6-40AF-AD41-B5C082D3BCF7}.Debug|x86.Build.0 = Debug|Win32
		{9B36FBFD-8FE6-40AF-AD41-B5C082D3BCF7}.Release|x64.ActiveCfg = Release|x64
		{9B36FBFD-8FE6-40AF-AD41-B5C082D3BCF7}.Release|x64.Build.0 = Release|x64
		{9B36FBFD-8FE6-40AF-AD41-B5C082D3BCF7}.Release|x86.ActiveCfg = Release|Win32
		{9B36FBFD-8FE6-40AF-AD41-B5C082D3BCF7}.Release|x86.Build.0 = Release|Win32
	EndGlobalSection
	GlobalSection(SolutionProperties) = preSolution
		HideSolutionNode = FALSE
	EndGlobalSection
	GlobalSection(ExtensibilityGlobals) = postSolution
		SolutionGuid = {A4A2119C-71F0-4A8B-BA94-5F4D41C83A54}
	EndGlobalSection
EndGlobal
